// !$*UTF8*$!
{
	archiveVersion = 1;
	classes = {
	};
	objectVersion = 55;
	objects = {

/* Begin PBXBuildFile section */
		05244A6F27D7926B003F5FD1 /* Localizable.strings in Resources */ = {isa = PBXBuildFile; fileRef = 05244A7127D7926B003F5FD1 /* Localizable.strings */; };
		05497F2027CFCE790079B39D /* Card.swift in Sources */ = {isa = PBXBuildFile; fileRef = 05497F1A27CFCE790079B39D /* Card.swift */; };
		05497F2127CFCE790079B39D /* Deck.swift in Sources */ = {isa = PBXBuildFile; fileRef = 05497F1B27CFCE790079B39D /* Deck.swift */; };
		05497F2227CFCE790079B39D /* PlayerLabel.swift in Sources */ = {isa = PBXBuildFile; fileRef = 05497F1C27CFCE790079B39D /* PlayerLabel.swift */; };
		05497F2327CFCE790079B39D /* Player.swift in Sources */ = {isa = PBXBuildFile; fileRef = 05497F1D27CFCE790079B39D /* Player.swift */; };
		05497F2427CFCE790079B39D /* KabooButton.swift in Sources */ = {isa = PBXBuildFile; fileRef = 05497F1E27CFCE790079B39D /* KabooButton.swift */; };
		05497F2527CFCE790079B39D /* DiscardPile.swift in Sources */ = {isa = PBXBuildFile; fileRef = 05497F1F27CFCE790079B39D /* DiscardPile.swift */; };
		05497F2827CFCE920079B39D /* GlobalProperties.swift in Sources */ = {isa = PBXBuildFile; fileRef = 05497F2727CFCE920079B39D /* GlobalProperties.swift */; };
		05497F2B27CFCEA00079B39D /* GameController.swift in Sources */ = {isa = PBXBuildFile; fileRef = 05497F2A27CFCEA00079B39D /* GameController.swift */; };
		05497F3027CFCF000079B39D /* GameView.swift in Sources */ = {isa = PBXBuildFile; fileRef = 05497F2D27CFCF000079B39D /* GameView.swift */; };
		05497F3127CFCF000079B39D /* GameScene.swift in Sources */ = {isa = PBXBuildFile; fileRef = 05497F2E27CFCF000079B39D /* GameScene.swift */; };
		05497F3227CFCF000079B39D /* GameScreen.swift in Sources */ = {isa = PBXBuildFile; fileRef = 05497F2F27CFCF000079B39D /* GameScreen.swift */; };
		0594F29727BBF4C4000EDD3E /* TutorialView.swift in Sources */ = {isa = PBXBuildFile; fileRef = 0594F29627BBF4C4000EDD3E /* TutorialView.swift */; };
		0594F29927BD537F000EDD3E /* SettingsView.swift in Sources */ = {isa = PBXBuildFile; fileRef = 0594F29827BD537F000EDD3E /* SettingsView.swift */; };
		05DA8DB727D79CE4001EA259 /* Localizable.stringsdict in Resources */ = {isa = PBXBuildFile; fileRef = 05DA8DB927D79CE4001EA259 /* Localizable.stringsdict */; };
		05F247F027BFDA160025254B /* (null) in Sources */ = {isa = PBXBuildFile; };
		05F247F227BFDA4E0025254B /* (null) in Sources */ = {isa = PBXBuildFile; };
		05F247F427BFDB030025254B /* (null) in Sources */ = {isa = PBXBuildFile; };
		05F247F627BFF3240025254B /* JoinGameScreen.swift in Sources */ = {isa = PBXBuildFile; fileRef = 05F247F527BFF3240025254B /* JoinGameScreen.swift */; };
		05F247F927BFF33E0025254B /* CreateGameScreen.swift in Sources */ = {isa = PBXBuildFile; fileRef = 05F247F727BFF33E0025254B /* CreateGameScreen.swift */; };
		05F247FA27BFF33E0025254B /* WaitingStartScreen.swift in Sources */ = {isa = PBXBuildFile; fileRef = 05F247F827BFF33E0025254B /* WaitingStartScreen.swift */; };
		3CFD863D27D64A0600568EEA /* SoundManager.swift in Sources */ = {isa = PBXBuildFile; fileRef = 3CFD863C27D64A0500568EEA /* SoundManager.swift */; };
		3CFD864027D64D8D00568EEA /* background_music.mp3 in Resources */ = {isa = PBXBuildFile; fileRef = 3CFD863F27D64D8D00568EEA /* background_music.mp3 */; };
		3CFD864827D7961100568EEA /* coin.mp3 in Resources */ = {isa = PBXBuildFile; fileRef = 3CFD864727D7961100568EEA /* coin.mp3 */; };
		3CFD864C27D7977C00568EEA /* flip.mp3 in Resources */ = {isa = PBXBuildFile; fileRef = 3CFD864B27D7977C00568EEA /* flip.mp3 */; };
		3CFD865027D79A6500568EEA /* snap.mp3 in Resources */ = {isa = PBXBuildFile; fileRef = 3CFD864F27D79A6500568EEA /* snap.mp3 */; };
		3CFD865227D79C6C00568EEA /* deal.mp3 in Resources */ = {isa = PBXBuildFile; fileRef = 3CFD865127D79C6C00568EEA /* deal.mp3 */; };
		3CFD865827D79F4800568EEA /* click.mp3 in Resources */ = {isa = PBXBuildFile; fileRef = 3CFD865727D79F4800568EEA /* click.mp3 */; };
		768BE1E227B54F00003D7170 /* KabooGameApp.swift in Sources */ = {isa = PBXBuildFile; fileRef = 768BE1E127B54F00003D7170 /* KabooGameApp.swift */; };
		768BE1E627B54F02003D7170 /* Assets.xcassets in Resources */ = {isa = PBXBuildFile; fileRef = 768BE1E527B54F02003D7170 /* Assets.xcassets */; };
		768BE1E927B54F02003D7170 /* Preview Assets.xcassets in Resources */ = {isa = PBXBuildFile; fileRef = 768BE1E827B54F02003D7170 /* Preview Assets.xcassets */; };
		CAA30CE527B5CB2B0006052B /* MainMenuScreen.swift in Sources */ = {isa = PBXBuildFile; fileRef = CAA30CE327B5CB2B0006052B /* MainMenuScreen.swift */; };
		CAA30CE627B5CB2B0006052B /* ChooseGameScreen.swift in Sources */ = {isa = PBXBuildFile; fileRef = CAA30CE427B5CB2B0006052B /* ChooseGameScreen.swift */; };
		CAA30CE827B5CB340006052B /* CustomColor.swift in Sources */ = {isa = PBXBuildFile; fileRef = CAA30CE727B5CB340006052B /* CustomColor.swift */; };
		CAE1122327D2C1DA008C20E0 /* ResultsScreen.swift in Sources */ = {isa = PBXBuildFile; fileRef = CAE1122227D2C1DA008C20E0 /* ResultsScreen.swift */; };
/* End PBXBuildFile section */

/* Begin PBXFileReference section */
		05244A7027D7926B003F5FD1 /* en */ = {isa = PBXFileReference; lastKnownFileType = text.plist.strings; name = en; path = en.lproj/Localizable.strings; sourceTree = "<group>"; };
		05497F1A27CFCE790079B39D /* Card.swift */ = {isa = PBXFileReference; fileEncoding = 4; lastKnownFileType = sourcecode.swift; path = Card.swift; sourceTree = "<group>"; };
		05497F1B27CFCE790079B39D /* Deck.swift */ = {isa = PBXFileReference; fileEncoding = 4; lastKnownFileType = sourcecode.swift; path = Deck.swift; sourceTree = "<group>"; };
		05497F1C27CFCE790079B39D /* PlayerLabel.swift */ = {isa = PBXFileReference; fileEncoding = 4; lastKnownFileType = sourcecode.swift; path = PlayerLabel.swift; sourceTree = "<group>"; };
		05497F1D27CFCE790079B39D /* Player.swift */ = {isa = PBXFileReference; fileEncoding = 4; lastKnownFileType = sourcecode.swift; path = Player.swift; sourceTree = "<group>"; };
		05497F1E27CFCE790079B39D /* KabooButton.swift */ = {isa = PBXFileReference; fileEncoding = 4; lastKnownFileType = sourcecode.swift; path = KabooButton.swift; sourceTree = "<group>"; };
		05497F1F27CFCE790079B39D /* DiscardPile.swift */ = {isa = PBXFileReference; fileEncoding = 4; lastKnownFileType = sourcecode.swift; path = DiscardPile.swift; sourceTree = "<group>"; };
		05497F2727CFCE920079B39D /* GlobalProperties.swift */ = {isa = PBXFileReference; fileEncoding = 4; lastKnownFileType = sourcecode.swift; path = GlobalProperties.swift; sourceTree = "<group>"; };
		05497F2A27CFCEA00079B39D /* GameController.swift */ = {isa = PBXFileReference; fileEncoding = 4; lastKnownFileType = sourcecode.swift; path = GameController.swift; sourceTree = "<group>"; };
		05497F2D27CFCF000079B39D /* GameView.swift */ = {isa = PBXFileReference; fileEncoding = 4; lastKnownFileType = sourcecode.swift; path = GameView.swift; sourceTree = "<group>"; };
		05497F2E27CFCF000079B39D /* GameScene.swift */ = {isa = PBXFileReference; fileEncoding = 4; lastKnownFileType = sourcecode.swift; path = GameScene.swift; sourceTree = "<group>"; };
		05497F2F27CFCF000079B39D /* GameScreen.swift */ = {isa = PBXFileReference; fileEncoding = 4; lastKnownFileType = sourcecode.swift; path = GameScreen.swift; sourceTree = "<group>"; };
		057F580027D666460062A9FD /* Info.plist */ = {isa = PBXFileReference; lastKnownFileType = text.plist; path = Info.plist; sourceTree = "<group>"; };
		0594F29627BBF4C4000EDD3E /* TutorialView.swift */ = {isa = PBXFileReference; lastKnownFileType = sourcecode.swift; path = TutorialView.swift; sourceTree = "<group>"; };
		0594F29827BD537F000EDD3E /* SettingsView.swift */ = {isa = PBXFileReference; lastKnownFileType = sourcecode.swift; path = SettingsView.swift; sourceTree = "<group>"; };
		05DA8DB327D7948C001EA259 /* pt-BR */ = {isa = PBXFileReference; lastKnownFileType = text.plist.strings; name = "pt-BR"; path = "pt-BR.lproj/Localizable.strings"; sourceTree = "<group>"; };
		05DA8DB427D794B6001EA259 /* ru */ = {isa = PBXFileReference; lastKnownFileType = text.plist.strings; name = ru; path = ru.lproj/Localizable.strings; sourceTree = "<group>"; };
		05DA8DB827D79CE4001EA259 /* en */ = {isa = PBXFileReference; lastKnownFileType = text.plist.stringsdict; name = en; path = en.lproj/Localizable.stringsdict; sourceTree = "<group>"; };
		05DA8DBA27D79CEA001EA259 /* pt-BR */ = {isa = PBXFileReference; lastKnownFileType = text.plist.stringsdict; name = "pt-BR"; path = "pt-BR.lproj/Localizable.stringsdict"; sourceTree = "<group>"; };
		05DA8DBB27D79CEB001EA259 /* ru */ = {isa = PBXFileReference; lastKnownFileType = text.plist.stringsdict; name = ru; path = ru.lproj/Localizable.stringsdict; sourceTree = "<group>"; };
		05F247F527BFF3240025254B /* JoinGameScreen.swift */ = {isa = PBXFileReference; fileEncoding = 4; lastKnownFileType = sourcecode.swift; path = JoinGameScreen.swift; sourceTree = "<group>"; };
		05F247F727BFF33E0025254B /* CreateGameScreen.swift */ = {isa = PBXFileReference; fileEncoding = 4; lastKnownFileType = sourcecode.swift; path = CreateGameScreen.swift; sourceTree = "<group>"; };
		05F247F827BFF33E0025254B /* WaitingStartScreen.swift */ = {isa = PBXFileReference; fileEncoding = 4; lastKnownFileType = sourcecode.swift; path = WaitingStartScreen.swift; sourceTree = "<group>"; };
		3CFD863C27D64A0500568EEA /* SoundManager.swift */ = {isa = PBXFileReference; lastKnownFileType = sourcecode.swift; path = SoundManager.swift; sourceTree = "<group>"; };
		3CFD863F27D64D8D00568EEA /* background_music.mp3 */ = {isa = PBXFileReference; lastKnownFileType = audio.mp3; path = background_music.mp3; sourceTree = "<group>"; };
		3CFD864727D7961100568EEA /* coin.mp3 */ = {isa = PBXFileReference; lastKnownFileType = audio.mp3; path = coin.mp3; sourceTree = "<group>"; };
		3CFD864B27D7977C00568EEA /* flip.mp3 */ = {isa = PBXFileReference; lastKnownFileType = audio.mp3; path = flip.mp3; sourceTree = "<group>"; };
		3CFD864F27D79A6500568EEA /* snap.mp3 */ = {isa = PBXFileReference; lastKnownFileType = audio.mp3; path = snap.mp3; sourceTree = "<group>"; };
		3CFD865127D79C6C00568EEA /* deal.mp3 */ = {isa = PBXFileReference; lastKnownFileType = audio.mp3; path = deal.mp3; sourceTree = "<group>"; };
		3CFD865727D79F4800568EEA /* click.mp3 */ = {isa = PBXFileReference; lastKnownFileType = audio.mp3; path = click.mp3; sourceTree = "<group>"; };
		768BE1DE27B54F00003D7170 /* Kaboo.app */ = {isa = PBXFileReference; explicitFileType = wrapper.application; includeInIndex = 0; path = Kaboo.app; sourceTree = BUILT_PRODUCTS_DIR; };
		768BE1E127B54F00003D7170 /* KabooGameApp.swift */ = {isa = PBXFileReference; lastKnownFileType = sourcecode.swift; path = KabooGameApp.swift; sourceTree = "<group>"; };
		768BE1E527B54F02003D7170 /* Assets.xcassets */ = {isa = PBXFileReference; lastKnownFileType = folder.assetcatalog; path = Assets.xcassets; sourceTree = "<group>"; };
		768BE1E827B54F02003D7170 /* Preview Assets.xcassets */ = {isa = PBXFileReference; lastKnownFileType = folder.assetcatalog; path = "Preview Assets.xcassets"; sourceTree = "<group>"; };
		CAA30CE327B5CB2B0006052B /* MainMenuScreen.swift */ = {isa = PBXFileReference; fileEncoding = 4; lastKnownFileType = sourcecode.swift; path = MainMenuScreen.swift; sourceTree = "<group>"; };
		CAA30CE427B5CB2B0006052B /* ChooseGameScreen.swift */ = {isa = PBXFileReference; fileEncoding = 4; lastKnownFileType = sourcecode.swift; path = ChooseGameScreen.swift; sourceTree = "<group>"; };
		CAA30CE727B5CB340006052B /* CustomColor.swift */ = {isa = PBXFileReference; fileEncoding = 4; lastKnownFileType = sourcecode.swift; path = CustomColor.swift; sourceTree = "<group>"; };
		CAE1122227D2C1DA008C20E0 /* ResultsScreen.swift */ = {isa = PBXFileReference; lastKnownFileType = sourcecode.swift; path = ResultsScreen.swift; sourceTree = "<group>"; };
/* End PBXFileReference section */

/* Begin PBXFrameworksBuildPhase section */
		768BE1DB27B54F00003D7170 /* Frameworks */ = {
			isa = PBXFrameworksBuildPhase;
			buildActionMask = 2147483647;
			files = (
			);
			runOnlyForDeploymentPostprocessing = 0;
		};
/* End PBXFrameworksBuildPhase section */

/* Begin PBXGroup section */
		05497F1927CFCE790079B39D /* Model */ = {
			isa = PBXGroup;
			children = (
				05497F1A27CFCE790079B39D /* Card.swift */,
				05497F1B27CFCE790079B39D /* Deck.swift */,
				05497F1C27CFCE790079B39D /* PlayerLabel.swift */,
				05497F1D27CFCE790079B39D /* Player.swift */,
				05497F1E27CFCE790079B39D /* KabooButton.swift */,
				05497F1F27CFCE790079B39D /* DiscardPile.swift */,
			);
			path = Model;
			sourceTree = "<group>";
		};
		05497F2627CFCE920079B39D /* Utils */ = {
			isa = PBXGroup;
			children = (
				3CFD863E27D64D7100568EEA /* soundEffects */,
				CAA30CE727B5CB340006052B /* CustomColor.swift */,
				05497F2727CFCE920079B39D /* GlobalProperties.swift */,
				3CFD863C27D64A0500568EEA /* SoundManager.swift */,
			);
			path = Utils;
			sourceTree = "<group>";
		};
		05497F2927CFCEA00079B39D /* Controller */ = {
			isa = PBXGroup;
			children = (
				05497F2A27CFCEA00079B39D /* GameController.swift */,
			);
			path = Controller;
			sourceTree = "<group>";
		};
		05497F2C27CFCEDB0079B39D /* Game */ = {
			isa = PBXGroup;
			children = (
				05497F2F27CFCF000079B39D /* GameScreen.swift */,
				05497F2D27CFCF000079B39D /* GameView.swift */,
				05497F2E27CFCF000079B39D /* GameScene.swift */,
			);
			path = Game;
			sourceTree = "<group>";
		};
		05B742AC27C92BB20006F604 /* Menu */ = {
			isa = PBXGroup;
			children = (
				CAA30CE327B5CB2B0006052B /* MainMenuScreen.swift */,
				CAA30CE427B5CB2B0006052B /* ChooseGameScreen.swift */,
				05F247F727BFF33E0025254B /* CreateGameScreen.swift */,
				05F247F527BFF3240025254B /* JoinGameScreen.swift */,
				05F247F827BFF33E0025254B /* WaitingStartScreen.swift */,
				0594F29627BBF4C4000EDD3E /* TutorialView.swift */,
				0594F29827BD537F000EDD3E /* SettingsView.swift */,
				CAE1122227D2C1DA008C20E0 /* ResultsScreen.swift */,
			);
			path = Menu;
			sourceTree = "<group>";
		};
		3CFD863E27D64D7100568EEA /* soundEffects */ = {
			isa = PBXGroup;
			children = (
				3CFD865727D79F4800568EEA /* click.mp3 */,
				3CFD865127D79C6C00568EEA /* deal.mp3 */,
				3CFD864F27D79A6500568EEA /* snap.mp3 */,
				3CFD864B27D7977C00568EEA /* flip.mp3 */,
				3CFD864727D7961100568EEA /* coin.mp3 */,
				3CFD863F27D64D8D00568EEA /* background_music.mp3 */,
			);
			path = soundEffects;
			sourceTree = "<group>";
		};
		768BE1D527B54F00003D7170 = {
			isa = PBXGroup;
			children = (
				768BE1E027B54F00003D7170 /* KabooGame */,
				768BE1DF27B54F00003D7170 /* Products */,
			);
			sourceTree = "<group>";
		};
		768BE1DF27B54F00003D7170 /* Products */ = {
			isa = PBXGroup;
			children = (
				768BE1DE27B54F00003D7170 /* Kaboo.app */,
			);
			name = Products;
			sourceTree = "<group>";
		};
		768BE1E027B54F00003D7170 /* KabooGame */ = {
			isa = PBXGroup;
			children = (
				057F580027D666460062A9FD /* Info.plist */,
				05DA8DB927D79CE4001EA259 /* Localizable.stringsdict */,
				05244A7127D7926B003F5FD1 /* Localizable.strings */,
				768BE1E127B54F00003D7170 /* KabooGameApp.swift */,
				05497F1927CFCE790079B39D /* Model */,
				05497F2927CFCEA00079B39D /* Controller */,
				05497F2627CFCE920079B39D /* Utils */,
				CAA30CE227B5CB2B0006052B /* View */,
				768BE1E527B54F02003D7170 /* Assets.xcassets */,
				768BE1E727B54F02003D7170 /* Preview Content */,
			);
			path = KabooGame;
			sourceTree = "<group>";
		};
		768BE1E727B54F02003D7170 /* Preview Content */ = {
			isa = PBXGroup;
			children = (
				768BE1E827B54F02003D7170 /* Preview Assets.xcassets */,
			);
			path = "Preview Content";
			sourceTree = "<group>";
		};
		CAA30CE227B5CB2B0006052B /* View */ = {
			isa = PBXGroup;
			children = (
				05497F2C27CFCEDB0079B39D /* Game */,
				05B742AC27C92BB20006F604 /* Menu */,
			);
			path = View;
			sourceTree = "<group>";
		};
/* End PBXGroup section */

/* Begin PBXNativeTarget section */
		768BE1DD27B54F00003D7170 /* KabooGame */ = {
			isa = PBXNativeTarget;
			buildConfigurationList = 768BE1EC27B54F02003D7170 /* Build configuration list for PBXNativeTarget "KabooGame" */;
			buildPhases = (
				768BE1DA27B54F00003D7170 /* Sources */,
				768BE1DB27B54F00003D7170 /* Frameworks */,
				768BE1DC27B54F00003D7170 /* Resources */,
			);
			buildRules = (
			);
			dependencies = (
			);
			name = KabooGame;
			productName = KabooGame;
			productReference = 768BE1DE27B54F00003D7170 /* Kaboo.app */;
			productType = "com.apple.product-type.application";
		};
/* End PBXNativeTarget section */

/* Begin PBXProject section */
		768BE1D627B54F00003D7170 /* Project object */ = {
			isa = PBXProject;
			attributes = {
				BuildIndependentTargetsInParallel = 1;
				LastSwiftUpdateCheck = 1320;
				LastUpgradeCheck = 1320;
				TargetAttributes = {
					768BE1DD27B54F00003D7170 = {
						CreatedOnToolsVersion = 13.2.1;
					};
				};
			};
			buildConfigurationList = 768BE1D927B54F00003D7170 /* Build configuration list for PBXProject "KabooGame" */;
			compatibilityVersion = "Xcode 13.0";
			developmentRegion = en;
			hasScannedForEncodings = 0;
			knownRegions = (
				en,
				Base,
				"pt-BR",
				ru,
			);
			mainGroup = 768BE1D527B54F00003D7170;
			productRefGroup = 768BE1DF27B54F00003D7170 /* Products */;
			projectDirPath = "";
			projectRoot = "";
			targets = (
				768BE1DD27B54F00003D7170 /* KabooGame */,
			);
		};
/* End PBXProject section */

/* Begin PBXResourcesBuildPhase section */
		768BE1DC27B54F00003D7170 /* Resources */ = {
			isa = PBXResourcesBuildPhase;
			buildActionMask = 2147483647;
			files = (
				768BE1E927B54F02003D7170 /* Preview Assets.xcassets in Resources */,
				05DA8DB727D79CE4001EA259 /* Localizable.stringsdict in Resources */,
				05244A6F27D7926B003F5FD1 /* Localizable.strings in Resources */,
				768BE1E627B54F02003D7170 /* Assets.xcassets in Resources */,
				3CFD864027D64D8D00568EEA /* background_music.mp3 in Resources */,
				3CFD865827D79F4800568EEA /* click.mp3 in Resources */,
				3CFD864C27D7977C00568EEA /* flip.mp3 in Resources */,
				3CFD865227D79C6C00568EEA /* deal.mp3 in Resources */,
			);
			runOnlyForDeploymentPostprocessing = 0;
		};
/* End PBXResourcesBuildPhase section */

/* Begin PBXSourcesBuildPhase section */
		768BE1DA27B54F00003D7170 /* Sources */ = {
			isa = PBXSourcesBuildPhase;
			buildActionMask = 2147483647;
			files = (
				05F247FA27BFF33E0025254B /* WaitingStartScreen.swift in Sources */,
				05497F3227CFCF000079B39D /* GameScreen.swift in Sources */,
				05F247F927BFF33E0025254B /* CreateGameScreen.swift in Sources */,
				0594F29727BBF4C4000EDD3E /* TutorialView.swift in Sources */,
				05F247F627BFF3240025254B /* JoinGameScreen.swift in Sources */,
				05497F2527CFCE790079B39D /* DiscardPile.swift in Sources */,
				0594F29927BD537F000EDD3E /* SettingsView.swift in Sources */,
				CAA30CE627B5CB2B0006052B /* ChooseGameScreen.swift in Sources */,
				CAA30CE827B5CB340006052B /* CustomColor.swift in Sources */,
				05497F2027CFCE790079B39D /* Card.swift in Sources */,
				CAA30CE527B5CB2B0006052B /* MainMenuScreen.swift in Sources */,
				05497F3027CFCF000079B39D /* GameView.swift in Sources */,
				05497F2227CFCE790079B39D /* PlayerLabel.swift in Sources */,
				05497F2427CFCE790079B39D /* KabooButton.swift in Sources */,
				3CFD863D27D64A0600568EEA /* SoundManager.swift in Sources */,
				05F247F027BFDA160025254B /* (null) in Sources */,
				05497F2127CFCE790079B39D /* Deck.swift in Sources */,
				CAE1122327D2C1DA008C20E0 /* ResultsScreen.swift in Sources */,
				768BE1E227B54F00003D7170 /* KabooGameApp.swift in Sources */,
				05497F3127CFCF000079B39D /* GameScene.swift in Sources */,
				05497F2827CFCE920079B39D /* GlobalProperties.swift in Sources */,
				05F247F427BFDB030025254B /* (null) in Sources */,
				05497F2B27CFCEA00079B39D /* GameController.swift in Sources */,
				05497F2327CFCE790079B39D /* Player.swift in Sources */,
				05F247F227BFDA4E0025254B /* (null) in Sources */,
			);
			runOnlyForDeploymentPostprocessing = 0;
		};
/* End PBXSourcesBuildPhase section */

/* Begin PBXVariantGroup section */
		05244A7127D7926B003F5FD1 /* Localizable.strings */ = {
			isa = PBXVariantGroup;
			children = (
				05244A7027D7926B003F5FD1 /* en */,
				05DA8DB327D7948C001EA259 /* pt-BR */,
				05DA8DB427D794B6001EA259 /* ru */,
			);
			name = Localizable.strings;
			sourceTree = "<group>";
		};
		05DA8DB927D79CE4001EA259 /* Localizable.stringsdict */ = {
			isa = PBXVariantGroup;
			children = (
				05DA8DB827D79CE4001EA259 /* en */,
				05DA8DBA27D79CEA001EA259 /* pt-BR */,
				05DA8DBB27D79CEB001EA259 /* ru */,
			);
			name = Localizable.stringsdict;
			sourceTree = "<group>";
		};
/* End PBXVariantGroup section */

/* Begin XCBuildConfiguration section */
		768BE1EA27B54F02003D7170 /* Debug */ = {
			isa = XCBuildConfiguration;
			buildSettings = {
				ALWAYS_SEARCH_USER_PATHS = NO;
				CLANG_ANALYZER_LOCALIZABILITY_NONLOCALIZED = YES;
				CLANG_ANALYZER_NONNULL = YES;
				CLANG_ANALYZER_NUMBER_OBJECT_CONVERSION = YES_AGGRESSIVE;
				CLANG_CXX_LANGUAGE_STANDARD = "gnu++17";
				CLANG_CXX_LIBRARY = "libc++";
				CLANG_ENABLE_MODULES = YES;
				CLANG_ENABLE_OBJC_ARC = YES;
				CLANG_ENABLE_OBJC_WEAK = YES;
				CLANG_WARN_BLOCK_CAPTURE_AUTORELEASING = YES;
				CLANG_WARN_BOOL_CONVERSION = YES;
				CLANG_WARN_COMMA = YES;
				CLANG_WARN_CONSTANT_CONVERSION = YES;
				CLANG_WARN_DEPRECATED_OBJC_IMPLEMENTATIONS = YES;
				CLANG_WARN_DIRECT_OBJC_ISA_USAGE = YES_ERROR;
				CLANG_WARN_DOCUMENTATION_COMMENTS = YES;
				CLANG_WARN_EMPTY_BODY = YES;
				CLANG_WARN_ENUM_CONVERSION = YES;
				CLANG_WARN_INFINITE_RECURSION = YES;
				CLANG_WARN_INT_CONVERSION = YES;
				CLANG_WARN_NON_LITERAL_NULL_CONVERSION = YES;
				CLANG_WARN_OBJC_IMPLICIT_RETAIN_SELF = YES;
				CLANG_WARN_OBJC_LITERAL_CONVERSION = YES;
				CLANG_WARN_OBJC_ROOT_CLASS = YES_ERROR;
				CLANG_WARN_QUOTED_INCLUDE_IN_FRAMEWORK_HEADER = YES;
				CLANG_WARN_RANGE_LOOP_ANALYSIS = YES;
				CLANG_WARN_STRICT_PROTOTYPES = YES;
				CLANG_WARN_SUSPICIOUS_MOVE = YES;
				CLANG_WARN_UNGUARDED_AVAILABILITY = YES_AGGRESSIVE;
				CLANG_WARN_UNREACHABLE_CODE = YES;
				CLANG_WARN__DUPLICATE_METHOD_MATCH = YES;
				COPY_PHASE_STRIP = NO;
				DEBUG_INFORMATION_FORMAT = dwarf;
				ENABLE_STRICT_OBJC_MSGSEND = YES;
				ENABLE_TESTABILITY = YES;
				GCC_C_LANGUAGE_STANDARD = gnu11;
				GCC_DYNAMIC_NO_PIC = NO;
				GCC_NO_COMMON_BLOCKS = YES;
				GCC_OPTIMIZATION_LEVEL = 0;
				GCC_PREPROCESSOR_DEFINITIONS = (
					"DEBUG=1",
					"$(inherited)",
				);
				GCC_WARN_64_TO_32_BIT_CONVERSION = YES;
				GCC_WARN_ABOUT_RETURN_TYPE = YES_ERROR;
				GCC_WARN_UNDECLARED_SELECTOR = YES;
				GCC_WARN_UNINITIALIZED_AUTOS = YES_AGGRESSIVE;
				GCC_WARN_UNUSED_FUNCTION = YES;
				GCC_WARN_UNUSED_VARIABLE = YES;
				IPHONEOS_DEPLOYMENT_TARGET = 15.0;
				MTL_ENABLE_DEBUG_INFO = INCLUDE_SOURCE;
				MTL_FAST_MATH = YES;
				ONLY_ACTIVE_ARCH = YES;
				SDKROOT = iphoneos;
				SWIFT_ACTIVE_COMPILATION_CONDITIONS = DEBUG;
				SWIFT_OPTIMIZATION_LEVEL = "-Onone";
			};
			name = Debug;
		};
		768BE1EB27B54F02003D7170 /* Release */ = {
			isa = XCBuildConfiguration;
			buildSettings = {
				ALWAYS_SEARCH_USER_PATHS = NO;
				CLANG_ANALYZER_LOCALIZABILITY_NONLOCALIZED = YES;
				CLANG_ANALYZER_NONNULL = YES;
				CLANG_ANALYZER_NUMBER_OBJECT_CONVERSION = YES_AGGRESSIVE;
				CLANG_CXX_LANGUAGE_STANDARD = "gnu++17";
				CLANG_CXX_LIBRARY = "libc++";
				CLANG_ENABLE_MODULES = YES;
				CLANG_ENABLE_OBJC_ARC = YES;
				CLANG_ENABLE_OBJC_WEAK = YES;
				CLANG_WARN_BLOCK_CAPTURE_AUTORELEASING = YES;
				CLANG_WARN_BOOL_CONVERSION = YES;
				CLANG_WARN_COMMA = YES;
				CLANG_WARN_CONSTANT_CONVERSION = YES;
				CLANG_WARN_DEPRECATED_OBJC_IMPLEMENTATIONS = YES;
				CLANG_WARN_DIRECT_OBJC_ISA_USAGE = YES_ERROR;
				CLANG_WARN_DOCUMENTATION_COMMENTS = YES;
				CLANG_WARN_EMPTY_BODY = YES;
				CLANG_WARN_ENUM_CONVERSION = YES;
				CLANG_WARN_INFINITE_RECURSION = YES;
				CLANG_WARN_INT_CONVERSION = YES;
				CLANG_WARN_NON_LITERAL_NULL_CONVERSION = YES;
				CLANG_WARN_OBJC_IMPLICIT_RETAIN_SELF = YES;
				CLANG_WARN_OBJC_LITERAL_CONVERSION = YES;
				CLANG_WARN_OBJC_ROOT_CLASS = YES_ERROR;
				CLANG_WARN_QUOTED_INCLUDE_IN_FRAMEWORK_HEADER = YES;
				CLANG_WARN_RANGE_LOOP_ANALYSIS = YES;
				CLANG_WARN_STRICT_PROTOTYPES = YES;
				CLANG_WARN_SUSPICIOUS_MOVE = YES;
				CLANG_WARN_UNGUARDED_AVAILABILITY = YES_AGGRESSIVE;
				CLANG_WARN_UNREACHABLE_CODE = YES;
				CLANG_WARN__DUPLICATE_METHOD_MATCH = YES;
				COPY_PHASE_STRIP = NO;
				DEBUG_INFORMATION_FORMAT = "dwarf-with-dsym";
				ENABLE_NS_ASSERTIONS = NO;
				ENABLE_STRICT_OBJC_MSGSEND = YES;
				GCC_C_LANGUAGE_STANDARD = gnu11;
				GCC_NO_COMMON_BLOCKS = YES;
				GCC_WARN_64_TO_32_BIT_CONVERSION = YES;
				GCC_WARN_ABOUT_RETURN_TYPE = YES_ERROR;
				GCC_WARN_UNDECLARED_SELECTOR = YES;
				GCC_WARN_UNINITIALIZED_AUTOS = YES_AGGRESSIVE;
				GCC_WARN_UNUSED_FUNCTION = YES;
				GCC_WARN_UNUSED_VARIABLE = YES;
				IPHONEOS_DEPLOYMENT_TARGET = 15.0;
				MTL_ENABLE_DEBUG_INFO = NO;
				MTL_FAST_MATH = YES;
				SDKROOT = iphoneos;
				SWIFT_COMPILATION_MODE = wholemodule;
				SWIFT_OPTIMIZATION_LEVEL = "-O";
				VALIDATE_PRODUCT = YES;
			};
			name = Release;
		};
		768BE1ED27B54F02003D7170 /* Debug */ = {
			isa = XCBuildConfiguration;
			buildSettings = {
				ASSETCATALOG_COMPILER_APPICON_NAME = AppIcon;
				ASSETCATALOG_COMPILER_GLOBAL_ACCENT_COLOR_NAME = AccentColor;
				CODE_SIGN_STYLE = Automatic;
				CURRENT_PROJECT_VERSION = 1;
				DEVELOPMENT_ASSET_PATHS = "\"KabooGame/Preview Content\"";
				DEVELOPMENT_TEAM = S46QW269NC;
				ENABLE_PREVIEWS = YES;
				GENERATE_INFOPLIST_FILE = YES;
				INFOPLIST_FILE = KabooGame/Info.plist;
				INFOPLIST_KEY_UIApplicationSceneManifest_Generation = YES;
				INFOPLIST_KEY_UIApplicationSupportsIndirectInputEvents = YES;
				INFOPLIST_KEY_UISupportedInterfaceOrientations = "UIInterfaceOrientationPortrait UIInterfaceOrientationPortraitUpsideDown";
				INFOPLIST_KEY_UISupportedInterfaceOrientations_iPad = "UIInterfaceOrientationPortrait UIInterfaceOrientationPortraitUpsideDown UIInterfaceOrientationLandscapeLeft UIInterfaceOrientationLandscapeRight";
				INFOPLIST_KEY_UISupportedInterfaceOrientations_iPhone = "UIInterfaceOrientationPortrait UIInterfaceOrientationLandscapeLeft UIInterfaceOrientationLandscapeRight";
				LD_RUNPATH_SEARCH_PATHS = (
					"$(inherited)",
					"@executable_path/Frameworks",
				);
				MARKETING_VERSION = 1.0;
				PRODUCT_BUNDLE_IDENTIFIER = lucaspereira.KabooGame;
				PRODUCT_NAME = Kaboo;
				SWIFT_EMIT_LOC_STRINGS = YES;
				SWIFT_VERSION = 5.0;
				TARGETED_DEVICE_FAMILY = 1;
			};
			name = Debug;
		};
		768BE1EE27B54F02003D7170 /* Release */ = {
			isa = XCBuildConfiguration;
			buildSettings = {
				ASSETCATALOG_COMPILER_APPICON_NAME = AppIcon;
				ASSETCATALOG_COMPILER_GLOBAL_ACCENT_COLOR_NAME = AccentColor;
				CODE_SIGN_STYLE = Automatic;
				CURRENT_PROJECT_VERSION = 1;
				DEVELOPMENT_ASSET_PATHS = "\"KabooGame/Preview Content\"";
				DEVELOPMENT_TEAM = S46QW269NC;
				ENABLE_PREVIEWS = YES;
				GENERATE_INFOPLIST_FILE = YES;
				INFOPLIST_FILE = KabooGame/Info.plist;
				INFOPLIST_KEY_UIApplicationSceneManifest_Generation = YES;
				INFOPLIST_KEY_UIApplicationSupportsIndirectInputEvents = YES;
				INFOPLIST_KEY_UISupportedInterfaceOrientations = "UIInterfaceOrientationPortrait UIInterfaceOrientationPortraitUpsideDown";
				INFOPLIST_KEY_UISupportedInterfaceOrientations_iPad = "UIInterfaceOrientationPortrait UIInterfaceOrientationPortraitUpsideDown UIInterfaceOrientationLandscapeLeft UIInterfaceOrientationLandscapeRight";
				INFOPLIST_KEY_UISupportedInterfaceOrientations_iPhone = "UIInterfaceOrientationPortrait UIInterfaceOrientationLandscapeLeft UIInterfaceOrientationLandscapeRight";
				LD_RUNPATH_SEARCH_PATHS = (
					"$(inherited)",
					"@executable_path/Frameworks",
				);
				MARKETING_VERSION = 1.0;
				PRODUCT_BUNDLE_IDENTIFIER = lucaspereira.KabooGame;
				PRODUCT_NAME = Kaboo;
				SWIFT_EMIT_LOC_STRINGS = YES;
				SWIFT_VERSION = 5.0;
				TARGETED_DEVICE_FAMILY = 1;
			};
			name = Release;
		};
/* End XCBuildConfiguration section */

/* Begin XCConfigurationList section */
		768BE1D927B54F00003D7170 /* Build configuration list for PBXProject "KabooGame" */ = {
			isa = XCConfigurationList;
			buildConfigurations = (
				768BE1EA27B54F02003D7170 /* Debug */,
				768BE1EB27B54F02003D7170 /* Release */,
			);
			defaultConfigurationIsVisible = 0;
			defaultConfigurationName = Release;
		};
		768BE1EC27B54F02003D7170 /* Build configuration list for PBXNativeTarget "KabooGame" */ = {
			isa = XCConfigurationList;
			buildConfigurations = (
				768BE1ED27B54F02003D7170 /* Debug */,
				768BE1EE27B54F02003D7170 /* Release */,
			);
			defaultConfigurationIsVisible = 0;
			defaultConfigurationName = Release;
		};
/* End XCConfigurationList section */
	};
	rootObject = 768BE1D627B54F00003D7170 /* Project object */;
}
